
Microsoft Visual Studio Solution File, Format Version 12.00
# Visual Studio Version 16
VisualStudioVersion = 16.0.30517.126
MinimumVisualStudioVersion = 10.0.40219.1
Project("{9A19103F-16F7-4668-BE54-9A1E7A4F7556}") = "ApiBestPractice.Entities", "ApiBestPractice.Entities\ApiBestPractice.Entities.csproj", "{D9B04D28-A22A-440E-86E4-F7FC6A2C85AF}"
EndProject
Project("{FAE04EC0-301F-11D3-BF4B-00C04F79EFBC}") = "ApiBestPractice.Core", "ApiBestPractice.Core\ApiBestPractice.Core.csproj", "{2E20D575-60A8-4C78-9958-86A259F7025A}"
EndProject
Project("{FAE04EC0-301F-11D3-BF4B-00C04F79EFBC}") = "ApiBestPractice.DataAccess", "ApiBestPractice.DataAccess\ApiBestPractice.DataAccess.csproj", "{BF53F81A-56DF-4BE3-A477-D5133B783458}"
EndProject
Project("{FAE04EC0-301F-11D3-BF4B-00C04F79EFBC}") = "ApiBestPractice.Business", "ApiBestPractice.Business\ApiBestPractice.Business.csproj", "{1192F908-4DF3-403B-8900-F507F8E5993B}"
EndProject
Project("{FAE04EC0-301F-11D3-BF4B-00C04F79EFBC}") = "ApiBestPractice.API", "ApiBestPractice.API\ApiBestPractice.API.csproj", "{46154AA2-B77A-4DC3-91BD-E475F1A340C5}"
EndProject
Global
	GlobalSection(SolutionConfigurationPlatforms) = preSolution
		Debug|Any CPU = Debug|Any CPU
		Release|Any CPU = Release|Any CPU
	EndGlobalSection
	GlobalSection(ProjectConfigurationPlatforms) = postSolution
		{D9B04D28-A22A-440E-86E4-F7FC6A2C85AF}.Debug|Any CPU.ActiveCfg = Debug|Any CPU
		{D9B04D28-A22A-440E-86E4-F7FC6A2C85AF}.Debug|Any CPU.Build.0 = Debug|Any CPU
		{D9B04D28-A22A-440E-86E4-F7FC6A2C85AF}.Release|Any CPU.ActiveCfg = Release|Any CPU
		{D9B04D28-A22A-440E-86E4-F7FC6A2C85AF}.Release|Any CPU.Build.0 = Release|Any CPU
		{2E20D575-60A8-4C78-9958-86A259F7025A}.Debug|Any CPU.ActiveCfg = Debug|Any CPU
		{2E20D575-60A8-4C78-9958-86A259F7025A}.Debug|Any CPU.Build.0 = Debug|Any CPU
		{2E20D575-60A8-4C78-9958-86A259F7025A}.Release|Any CPU.ActiveCfg = Release|Any CPU
		{2E20D575-60A8-4C78-9958-86A259F7025A}.Release|Any CPU.Build.0 = Release|Any CPU
		{BF53F81A-56DF-4BE3-A477-D5133B783458}.Debug|Any CPU.ActiveCfg = Debug|Any CPU
		{BF53F81A-56DF-4BE3-A477-D5133B783458}.Debug|Any CPU.Build.0 = Debug|Any CPU
		{BF53F81A-56DF-4BE3-A477-D5133B783458}.Release|Any CPU.ActiveCfg = Release|Any CPU
		{BF53F81A-56DF-4BE3-A477-D5133B783458}.Release|Any CPU.Build.0 = Release|Any CPU
		{1192F908-4DF3-403B-8900-F507F8E5993B}.Debug|Any CPU.ActiveCfg = Debug|Any CPU
		{1192F908-4DF3-403B-8900-F507F8E5993B}.Debug|Any CPU.Build.0 = Debug|Any CPU
		{1192F908-4DF3-403B-8900-F507F8E5993B}.Release|Any CPU.ActiveCfg = Release|Any CPU
		{1192F908-4DF3-403B-8900-F507F8E5993B}.Release|Any CPU.Build.0 = Release|Any CPU
		{46154AA2-B77A-4DC3-91BD-E475F1A340C5}.Debug|Any CPU.ActiveCfg = Debug|Any CPU
		{46154AA2-B77A-4DC3-91BD-E475F1A340C5}.Debug|Any CPU.Build.0 = Debug|Any CPU
		{46154AA2-B77A-4DC3-91BD-E475F1A340C5}.Release|Any CPU.ActiveCfg = Release|Any CPU
		{46154AA2-B77A-4DC3-91BD-E475F1A340C5}.Release|Any CPU.Build.0 = Release|Any CPU
	EndGlobalSection
	GlobalSection(SolutionProperties) = preSolution
		HideSolutionNode = FALSE
	EndGlobalSection
	GlobalSection(ExtensibilityGlobals) = postSolution
		SolutionGuid = {A61DAA7B-3BA9-4DAC-B037-7C9DBB81B097}
	EndGlobalSection
EndGlobal
